
Microsoft Visual Studio Solution File, Format Version 12.00
# Visual Studio Version 17
VisualStudioVersion = 17.4.33103.184
MinimumVisualStudioVersion = 10.0.40219.1
Project("{2150E333-8FDC-42A3-9474-1A3956D46DE8}") = "framework", "framework", "{5591A56A-4CC7-4BC1-90FC-1476E4E274EA}"
EndProject
Project("{9A19103F-16F7-4668-BE54-9A1E7A4F7556}") = "Heus.Core", "src\framework\Heus.Core\Heus.Core.csproj", "{1525A760-C34E-43FF-99CD-2625831640F4}"
EndProject
Project("{9A19103F-16F7-4668-BE54-9A1E7A4F7556}") = "Heus.Data", "src\framework\Heus.Data\Heus.Data.csproj", "{5106A429-93EE-4750-8565-449E0483761D}"
EndProject
Project("{9A19103F-16F7-4668-BE54-9A1E7A4F7556}") = "Heus.Ddd", "src\framework\Heus.Ddd\Heus.Ddd.csproj", "{399B7BF5-4208-4E3A-8387-01795F684A1F}"
EndProject
Project("{9A19103F-16F7-4668-BE54-9A1E7A4F7556}") = "Heus.AspNetCore", "src\framework\Heus.AspNetCore\Heus.AspNetCore.csproj", "{88518B82-09B6-4ED8-A7C9-5907F5C836C3}"
EndProject
Project("{2150E333-8FDC-42A3-9474-1A3956D46DE8}") = "modules", "modules", "{F22C8225-74D0-4088-9FD0-6D197D386DF8}"
EndProject
Project("{2150E333-8FDC-42A3-9474-1A3956D46DE8}") = "auth", "auth", "{B7876992-C0B1-4F5E-858B-2BCAE0F7FC59}"
EndProject
Project("{9A19103F-16F7-4668-BE54-9A1E7A4F7556}") = "Heus.Auth", "src\modules\auth\Heus.Auth\Heus.Auth.csproj", "{F1B8EED0-7277-4DEE-B8FE-416D4A60CAD9}"
EndProject
Project("{9A19103F-16F7-4668-BE54-9A1E7A4F7556}") = "Heus.Auth.Api", "src\modules\auth\Heus.Auth.Api\Heus.Auth.Api.csproj", "{F5D076B5-CAD5-4357-BD6B-FA482BD228DE}"
EndProject
Project("{9A19103F-16F7-4668-BE54-9A1E7A4F7556}") = "Heus.Auth.IntegratedTests", "src\modules\auth\Heus.Auth.IntegratedTests\Heus.Auth.IntegratedTests.csproj", "{595A7EC3-A8C1-43C2-BE14-E07FA2A134B8}"
EndProject
Project("{2150E333-8FDC-42A3-9474-1A3956D46DE8}") = "enroll", "enroll", "{88EC0649-C33F-4160-BAF3-7D5E2664AE1D}"
EndProject
Project("{9A19103F-16F7-4668-BE54-9A1E7A4F7556}") = "Heus.Enroll", "src\modules\enroll\Heus.Enroll\Heus.Enroll.csproj", "{4BB37977-24CB-41B7-B9B2-9B53F5E5EFB7}"
EndProject
Project("{9A19103F-16F7-4668-BE54-9A1E7A4F7556}") = "Heus.Enroll.Web", "src\modules\enroll\Heus.Enroll.Web\Heus.Enroll.Web.csproj", "{44D3E711-5558-4512-A674-F4908761B5AA}"
EndProject
Project("{2150E333-8FDC-42A3-9474-1A3956D46DE8}") = "docs", "docs", "{9D7137FB-1BF5-427F-BB5D-721D502D3F0B}"
	ProjectSection(SolutionItems) = preProject
		docs\env.md = docs\env.md
	EndProjectSection
EndProject
Project("{9A19103F-16F7-4668-BE54-9A1E7A4F7556}") = "Heus.Enroll.Migrations", "src\modules\enroll\Heus.Enroll.Migrations\Heus.Enroll.Migrations.csproj", "{88ABBBB6-EB62-4176-B49D-4FF8159C8F3B}"
EndProject
Project("{2150E333-8FDC-42A3-9474-1A3956D46DE8}") = "test", "test", "{1508B14F-9151-4608-8BE9-8F0833A705E6}"
EndProject
Project("{9A19103F-16F7-4668-BE54-9A1E7A4F7556}") = "Heus.TestBase", "src\test\Heus.TestBase\Heus.TestBase.csproj", "{BE2DE20F-BBF4-4C55-957B-888269E927AB}"
EndProject
Project("{9A19103F-16F7-4668-BE54-9A1E7A4F7556}") = "Heus.Core.Tests", "src\test\Heus.Core.Tests\Heus.Core.Tests.csproj", "{D4C2E93D-5D20-4D26-80E2-FC9EEC694E20}"
EndProject
Project("{2150E333-8FDC-42A3-9474-1A3956D46DE8}") = "components", "components", "{B0269F47-BCB6-4E21-B69D-DEAD007A1A5E}"
EndProject
Project("{9A19103F-16F7-4668-BE54-9A1E7A4F7556}") = "Heus.Data.Mysql", "src\components\Heus.Data.Mysql\Heus.Data.Mysql.csproj", "{6DCD02ED-2C2A-42CA-AF06-B9B34CE181C2}"
EndProject
Project("{9A19103F-16F7-4668-BE54-9A1E7A4F7556}") = "Heus.Data.Postgres", "src\components\Heus.Data.Postgres\Heus.Data.Postgres.csproj", "{C8E4E292-6BD2-4821-B710-06DD20C26552}"
EndProject
Project("{9A19103F-16F7-4668-BE54-9A1E7A4F7556}") = "Heus.Data.Sqlite", "src\components\Heus.Data.Sqlite\Heus.Data.Sqlite.csproj", "{A44FF0E0-7F5B-44F4-A4BA-3F0C8C07B2FA}"
EndProject
Project("{9A19103F-16F7-4668-BE54-9A1E7A4F7556}") = "Heus.Data.SqlServer", "src\components\Heus.Data.SqlServer\Heus.Data.SqlServer.csproj", "{FD5467DE-AAEE-47B7-8736-2F7CDC86198B}"
EndProject
Project("{9A19103F-16F7-4668-BE54-9A1E7A4F7556}") = "Heus.Ddd.Tests", "src\test\Heus.Ddd.Tests\Heus.Ddd.Tests.csproj", "{38D2CF0C-93A2-471E-819A-99296731B5FE}"
EndProject
Project("{9A19103F-16F7-4668-BE54-9A1E7A4F7556}") = "Heus.AspNetCore.Tests", "src\test\Heus.AspNetCore.Tests\Heus.AspNetCore.Tests.csproj", "{D18D6FF0-314D-4155-B1A2-044BBB9F80C9}"
EndProject
Project("{9A19103F-16F7-4668-BE54-9A1E7A4F7556}") = "Heus.AspNetCore.TestBase", "src\test\Heus.AspNetCore.TestBase\Heus.AspNetCore.TestBase.csproj", "{BC1EA5B1-D882-457C-97CD-1EB43B79ACF0}"
EndProject
Project("{FAE04EC0-301F-11D3-BF4B-00C04F79EFBC}") = "Heus.AspNetCore.TestApp", "src\test\Heus.AspNetCore.TestApp\Heus.AspNetCore.TestApp.csproj", "{C7873BAC-1903-48D1-BDEF-E1D17E42C051}"
EndProject
Global
	GlobalSection(SolutionConfigurationPlatforms) = preSolution
		Debug|Any CPU = Debug|Any CPU
		Release|Any CPU = Release|Any CPU
	EndGlobalSection
	GlobalSection(ProjectConfigurationPlatforms) = postSolution
		{1525A760-C34E-43FF-99CD-2625831640F4}.Debug|Any CPU.ActiveCfg = Debug|Any CPU
		{1525A760-C34E-43FF-99CD-2625831640F4}.Debug|Any CPU.Build.0 = Debug|Any CPU
		{1525A760-C34E-43FF-99CD-2625831640F4}.Release|Any CPU.ActiveCfg = Release|Any CPU
		{1525A760-C34E-43FF-99CD-2625831640F4}.Release|Any CPU.Build.0 = Release|Any CPU
		{5106A429-93EE-4750-8565-449E0483761D}.Debug|Any CPU.ActiveCfg = Debug|Any CPU
		{5106A429-93EE-4750-8565-449E0483761D}.Debug|Any CPU.Build.0 = Debug|Any CPU
		{5106A429-93EE-4750-8565-449E0483761D}.Release|Any CPU.ActiveCfg = Release|Any CPU
		{5106A429-93EE-4750-8565-449E0483761D}.Release|Any CPU.Build.0 = Release|Any CPU
		{399B7BF5-4208-4E3A-8387-01795F684A1F}.Debug|Any CPU.ActiveCfg = Debug|Any CPU
		{399B7BF5-4208-4E3A-8387-01795F684A1F}.Debug|Any CPU.Build.0 = Debug|Any CPU
		{399B7BF5-4208-4E3A-8387-01795F684A1F}.Release|Any CPU.ActiveCfg = Release|Any CPU
		{399B7BF5-4208-4E3A-8387-01795F684A1F}.Release|Any CPU.Build.0 = Release|Any CPU
		{88518B82-09B6-4ED8-A7C9-5907F5C836C3}.Debug|Any CPU.ActiveCfg = Debug|Any CPU
		{88518B82-09B6-4ED8-A7C9-5907F5C836C3}.Debug|Any CPU.Build.0 = Debug|Any CPU
		{88518B82-09B6-4ED8-A7C9-5907F5C836C3}.Release|Any CPU.ActiveCfg = Release|Any CPU
		{88518B82-09B6-4ED8-A7C9-5907F5C836C3}.Release|Any CPU.Build.0 = Release|Any CPU
		{F1B8EED0-7277-4DEE-B8FE-416D4A60CAD9}.Debug|Any CPU.ActiveCfg = Debug|Any CPU
		{F1B8EED0-7277-4DEE-B8FE-416D4A60CAD9}.Debug|Any CPU.Build.0 = Debug|Any CPU
		{F1B8EED0-7277-4DEE-B8FE-416D4A60CAD9}.Release|Any CPU.ActiveCfg = Release|Any CPU
		{F1B8EED0-7277-4DEE-B8FE-416D4A60CAD9}.Release|Any CPU.Build.0 = Release|Any CPU
		{F5D076B5-CAD5-4357-BD6B-FA482BD228DE}.Debug|Any CPU.ActiveCfg = Debug|Any CPU
		{F5D076B5-CAD5-4357-BD6B-FA482BD228DE}.Debug|Any CPU.Build.0 = Debug|Any CPU
		{F5D076B5-CAD5-4357-BD6B-FA482BD228DE}.Release|Any CPU.ActiveCfg = Release|Any CPU
		{F5D076B5-CAD5-4357-BD6B-FA482BD228DE}.Release|Any CPU.Build.0 = Release|Any CPU
		{595A7EC3-A8C1-43C2-BE14-E07FA2A134B8}.Debug|Any CPU.ActiveCfg = Debug|Any CPU
		{595A7EC3-A8C1-43C2-BE14-E07FA2A134B8}.Debug|Any CPU.Build.0 = Debug|Any CPU
		{595A7EC3-A8C1-43C2-BE14-E07FA2A134B8}.Release|Any CPU.ActiveCfg = Release|Any CPU
		{595A7EC3-A8C1-43C2-BE14-E07FA2A134B8}.Release|Any CPU.Build.0 = Release|Any CPU
		{4BB37977-24CB-41B7-B9B2-9B53F5E5EFB7}.Debug|Any CPU.ActiveCfg = Debug|Any CPU
		{4BB37977-24CB-41B7-B9B2-9B53F5E5EFB7}.Debug|Any CPU.Build.0 = Debug|Any CPU
		{4BB37977-24CB-41B7-B9B2-9B53F5E5EFB7}.Release|Any CPU.ActiveCfg = Release|Any CPU
		{4BB37977-24CB-41B7-B9B2-9B53F5E5EFB7}.Release|Any CPU.Build.0 = Release|Any CPU
		{44D3E711-5558-4512-A674-F4908761B5AA}.Debug|Any CPU.ActiveCfg = Debug|Any CPU
		{44D3E711-5558-4512-A674-F4908761B5AA}.Debug|Any CPU.Build.0 = Debug|Any CPU
		{44D3E711-5558-4512-A674-F4908761B5AA}.Release|Any CPU.ActiveCfg = Release|Any CPU
		{44D3E711-5558-4512-A674-F4908761B5AA}.Release|Any CPU.Build.0 = Release|Any CPU
		{88ABBBB6-EB62-4176-B49D-4FF8159C8F3B}.Debug|Any CPU.ActiveCfg = Debug|Any CPU
		{88ABBBB6-EB62-4176-B49D-4FF8159C8F3B}.Debug|Any CPU.Build.0 = Debug|Any CPU
		{88ABBBB6-EB62-4176-B49D-4FF8159C8F3B}.Release|Any CPU.ActiveCfg = Release|Any CPU
		{88ABBBB6-EB62-4176-B49D-4FF8159C8F3B}.Release|Any CPU.Build.0 = Release|Any CPU
		{BE2DE20F-BBF4-4C55-957B-888269E927AB}.Debug|Any CPU.ActiveCfg = Debug|Any CPU
		{BE2DE20F-BBF4-4C55-957B-888269E927AB}.Debug|Any CPU.Build.0 = Debug|Any CPU
		{BE2DE20F-BBF4-4C55-957B-888269E927AB}.Release|Any CPU.ActiveCfg = Release|Any CPU
		{BE2DE20F-BBF4-4C55-957B-888269E927AB}.Release|Any CPU.Build.0 = Release|Any CPU
		{D4C2E93D-5D20-4D26-80E2-FC9EEC694E20}.Debug|Any CPU.ActiveCfg = Debug|Any CPU
		{D4C2E93D-5D20-4D26-80E2-FC9EEC694E20}.Debug|Any CPU.Build.0 = Debug|Any CPU
		{D4C2E93D-5D20-4D26-80E2-FC9EEC694E20}.Release|Any CPU.ActiveCfg = Release|Any CPU
		{D4C2E93D-5D20-4D26-80E2-FC9EEC694E20}.Release|Any CPU.Build.0 = Release|Any CPU
		{6DCD02ED-2C2A-42CA-AF06-B9B34CE181C2}.Debug|Any CPU.ActiveCfg = Debug|Any CPU
		{6DCD02ED-2C2A-42CA-AF06-B9B34CE181C2}.Debug|Any CPU.Build.0 = Debug|Any CPU
		{6DCD02ED-2C2A-42CA-AF06-B9B34CE181C2}.Release|Any CPU.ActiveCfg = Release|Any CPU
		{6DCD02ED-2C2A-42CA-AF06-B9B34CE181C2}.Release|Any CPU.Build.0 = Release|Any CPU
		{C8E4E292-6BD2-4821-B710-06DD20C26552}.Debug|Any CPU.ActiveCfg = Debug|Any CPU
		{C8E4E292-6BD2-4821-B710-06DD20C26552}.Debug|Any CPU.Build.0 = Debug|Any CPU
		{C8E4E292-6BD2-4821-B710-06DD20C26552}.Release|Any CPU.ActiveCfg = Release|Any CPU
		{C8E4E292-6BD2-4821-B710-06DD20C26552}.Release|Any CPU.Build.0 = Release|Any CPU
		{A44FF0E0-7F5B-44F4-A4BA-3F0C8C07B2FA}.Debug|Any CPU.ActiveCfg = Debug|Any CPU
		{A44FF0E0-7F5B-44F4-A4BA-3F0C8C07B2FA}.Debug|Any CPU.Build.0 = Debug|Any CPU
		{A44FF0E0-7F5B-44F4-A4BA-3F0C8C07B2FA}.Release|Any CPU.ActiveCfg = Release|Any CPU
		{A44FF0E0-7F5B-44F4-A4BA-3F0C8C07B2FA}.Release|Any CPU.Build.0 = Release|Any CPU
		{FD5467DE-AAEE-47B7-8736-2F7CDC86198B}.Debug|Any CPU.ActiveCfg = Debug|Any CPU
		{FD5467DE-AAEE-47B7-8736-2F7CDC86198B}.Debug|Any CPU.Build.0 = Debug|Any CPU
		{FD5467DE-AAEE-47B7-8736-2F7CDC86198B}.Release|Any CPU.ActiveCfg = Release|Any CPU
		{FD5467DE-AAEE-47B7-8736-2F7CDC86198B}.Release|Any CPU.Build.0 = Release|Any CPU
		{38D2CF0C-93A2-471E-819A-99296731B5FE}.Debug|Any CPU.ActiveCfg = Debug|Any CPU
		{38D2CF0C-93A2-471E-819A-99296731B5FE}.Debug|Any CPU.Build.0 = Debug|Any CPU
		{38D2CF0C-93A2-471E-819A-99296731B5FE}.Release|Any CPU.ActiveCfg = Release|Any CPU
		{38D2CF0C-93A2-471E-819A-99296731B5FE}.Release|Any CPU.Build.0 = Release|Any CPU
		{D18D6FF0-314D-4155-B1A2-044BBB9F80C9}.Debug|Any CPU.ActiveCfg = Debug|Any CPU
		{D18D6FF0-314D-4155-B1A2-044BBB9F80C9}.Debug|Any CPU.Build.0 = Debug|Any CPU
		{D18D6FF0-314D-4155-B1A2-044BBB9F80C9}.Release|Any CPU.ActiveCfg = Release|Any CPU
		{D18D6FF0-314D-4155-B1A2-044BBB9F80C9}.Release|Any CPU.Build.0 = Release|Any CPU
		{BC1EA5B1-D882-457C-97CD-1EB43B79ACF0}.Debug|Any CPU.ActiveCfg = Debug|Any CPU
		{BC1EA5B1-D882-457C-97CD-1EB43B79ACF0}.Debug|Any CPU.Build.0 = Debug|Any CPU
		{BC1EA5B1-D882-457C-97CD-1EB43B79ACF0}.Release|Any CPU.ActiveCfg = Release|Any CPU
		{BC1EA5B1-D882-457C-97CD-1EB43B79ACF0}.Release|Any CPU.Build.0 = Release|Any CPU
		{C7873BAC-1903-48D1-BDEF-E1D17E42C051}.Debug|Any CPU.ActiveCfg = Debug|Any CPU
		{C7873BAC-1903-48D1-BDEF-E1D17E42C051}.Debug|Any CPU.Build.0 = Debug|Any CPU
		{C7873BAC-1903-48D1-BDEF-E1D17E42C051}.Release|Any CPU.ActiveCfg = Release|Any CPU
		{C7873BAC-1903-48D1-BDEF-E1D17E42C051}.Release|Any CPU.Build.0 = Release|Any CPU
	EndGlobalSection
	GlobalSection(SolutionProperties) = preSolution
		HideSolutionNode = FALSE
	EndGlobalSection
	GlobalSection(NestedProjects) = preSolution
		{1525A760-C34E-43FF-99CD-2625831640F4} = {5591A56A-4CC7-4BC1-90FC-1476E4E274EA}
		{5106A429-93EE-4750-8565-449E0483761D} = {5591A56A-4CC7-4BC1-90FC-1476E4E274EA}
		{399B7BF5-4208-4E3A-8387-01795F684A1F} = {5591A56A-4CC7-4BC1-90FC-1476E4E274EA}
		{88518B82-09B6-4ED8-A7C9-5907F5C836C3} = {5591A56A-4CC7-4BC1-90FC-1476E4E274EA}
		{B7876992-C0B1-4F5E-858B-2BCAE0F7FC59} = {F22C8225-74D0-4088-9FD0-6D197D386DF8}
		{F1B8EED0-7277-4DEE-B8FE-416D4A60CAD9} = {B7876992-C0B1-4F5E-858B-2BCAE0F7FC59}
		{F5D076B5-CAD5-4357-BD6B-FA482BD228DE} = {B7876992-C0B1-4F5E-858B-2BCAE0F7FC59}
		{595A7EC3-A8C1-43C2-BE14-E07FA2A134B8} = {B7876992-C0B1-4F5E-858B-2BCAE0F7FC59}
		{88EC0649-C33F-4160-BAF3-7D5E2664AE1D} = {F22C8225-74D0-4088-9FD0-6D197D386DF8}
		{4BB37977-24CB-41B7-B9B2-9B53F5E5EFB7} = {88EC0649-C33F-4160-BAF3-7D5E2664AE1D}
		{44D3E711-5558-4512-A674-F4908761B5AA} = {88EC0649-C33F-4160-BAF3-7D5E2664AE1D}
		{88ABBBB6-EB62-4176-B49D-4FF8159C8F3B} = {88EC0649-C33F-4160-BAF3-7D5E2664AE1D}
		{BE2DE20F-BBF4-4C55-957B-888269E927AB} = {1508B14F-9151-4608-8BE9-8F0833A705E6}
		{D4C2E93D-5D20-4D26-80E2-FC9EEC694E20} = {1508B14F-9151-4608-8BE9-8F0833A705E6}
		{6DCD02ED-2C2A-42CA-AF06-B9B34CE181C2} = {B0269F47-BCB6-4E21-B69D-DEAD007A1A5E}
		{C8E4E292-6BD2-4821-B710-06DD20C26552} = {B0269F47-BCB6-4E21-B69D-DEAD007A1A5E}
		{A44FF0E0-7F5B-44F4-A4BA-3F0C8C07B2FA} = {B0269F47-BCB6-4E21-B69D-DEAD007A1A5E}
		{FD5467DE-AAEE-47B7-8736-2F7CDC86198B} = {B0269F47-BCB6-4E21-B69D-DEAD007A1A5E}
		{38D2CF0C-93A2-471E-819A-99296731B5FE} = {1508B14F-9151-4608-8BE9-8F0833A705E6}
		{D18D6FF0-314D-4155-B1A2-044BBB9F80C9} = {1508B14F-9151-4608-8BE9-8F0833A705E6}
		{BC1EA5B1-D882-457C-97CD-1EB43B79ACF0} = {1508B14F-9151-4608-8BE9-8F0833A705E6}
		{C7873BAC-1903-48D1-BDEF-E1D17E42C051} = {1508B14F-9151-4608-8BE9-8F0833A705E6}
	EndGlobalSection
	GlobalSection(ExtensibilityGlobals) = postSolution
		SolutionGuid = {883DA1C4-8BAC-4BDF-9464-3ADA8779B364}
	EndGlobalSection
EndGlobal
