
Microsoft Visual Studio Solution File, Format Version 12.00
Project("{2150E333-8FDC-42A3-9474-1A3956D46DE8}") = "framework", "framework", "{BA064C37-DBC6-492C-8079-BF871528D173}"
EndProject
Project("{FAE04EC0-301F-11D3-BF4B-00C04F79EFBC}") = "Heus.Core", "src\framework\Heus.Core\Heus.Core.csproj", "{1B0C3C85-4771-4A84-9FBE-90094489FFF8}"
EndProject
Project("{FAE04EC0-301F-11D3-BF4B-00C04F79EFBC}") = "Heus.AspNetCore", "src\framework\Heus.AspNetCore\Heus.AspNetCore.csproj", "{72394265-7EFB-4E04-A655-FFEFC5DFA185}"
EndProject
Project("{FAE04EC0-301F-11D3-BF4B-00C04F79EFBC}") = "Heus.Data", "src\framework\Heus.Data\Heus.Data.csproj", "{B6EC880B-DA64-4EE5-A0ED-E3A93C37C716}"
EndProject

Project("{FAE04EC0-301F-11D3-BF4B-00C04F79EFBC}") = "Heus.Data.Postgres", "src\framework\Heus.Data.Postgres\Heus.Data.Postgres.csproj", "{5D00119F-2956-4EBC-9631-21B43B43BB90}"
EndProject

Project("{FAE04EC0-301F-11D3-BF4B-00C04F79EFBC}") = "Heus.Data.Sqlite", "src\framework\Heus.Data.Sqlite\Heus.Data.Sqlite.csproj", "{0CE0C845-C167-4538-9E06-B54931B587DA}"
EndProject
Project("{FAE04EC0-301F-11D3-BF4B-00C04F79EFBC}") = "Heus.Ddd", "src\framework\Heus.Ddd\Heus.Ddd.csproj", "{D561BB8D-E5F7-4607-A66A-6C588AFB0635}"
EndProject
Project("{FAE04EC0-301F-11D3-BF4B-00C04F79EFBC}") = "Heus.IntegratedTests", "src\framework\Heus.IntegratedTests\Heus.IntegratedTests.csproj", "{FABE27D1-F952-4FAB-BF5C-5870A9AB652D}"
EndProject
Project("{2150E333-8FDC-42A3-9474-1A3956D46DE8}") = "test", "test", "{2D883F5B-5E03-4E81-95CE-B64285AA583A}"
EndProject
Project("{2150E333-8FDC-42A3-9474-1A3956D46DE8}") = "modules", "modules", "{120AFF92-BC3F-43B9-BDB7-940CEF4880A2}"
EndProject
Project("{2150E333-8FDC-42A3-9474-1A3956D46DE8}") = "auth", "auth", "{C80FEF03-2A61-4210-9C75-6FF0C862CC1F}"
EndProject
Project("{FAE04EC0-301F-11D3-BF4B-00C04F79EFBC}") = "Heus.Auth", "src\modules\auth\Heus.Auth\Heus.Auth.csproj", "{73F3CD8F-4F1F-4ED9-B74E-2A6F1514E559}"
EndProject
Project("{FAE04EC0-301F-11D3-BF4B-00C04F79EFBC}") = "Heus.Auth.IntegratedTests", "src\modules\auth\Heus.Auth.IntegratedTests\Heus.Auth.IntegratedTests.csproj", "{79F39559-9E10-4A5A-8ED9-224AFF758868}"
EndProject
Project("{2150E333-8FDC-42A3-9474-1A3956D46DE8}") = "enroll", "enroll", "{7E90352A-627D-4C18-B661-30D6A67239B0}"
EndProject
Project("{FAE04EC0-301F-11D3-BF4B-00C04F79EFBC}") = "Heus.Enroll", "src\modules\enroll\Heus.Enroll\Heus.Enroll.csproj", "{A16C950E-F68C-47C3-A239-B517D6FA06DF}"
EndProject
Project("{FAE04EC0-301F-11D3-BF4B-00C04F79EFBC}") = "Heus.Enroll.Web", "src\modules\enroll\Heus.Enroll.Web\Heus.Enroll.Web.csproj", "{DD34442C-B557-4551-BF89-7203492F5B0F}"
EndProject
Project("{FAE04EC0-301F-11D3-BF4B-00C04F79EFBC}") = "Heus.Data.SqlServer", "src\framework\Heus.Data.SqlServer\Heus.Data.SqlServer.csproj", "{1CCF4254-F77D-4B5F-8B18-3A8F28EEA777}"
EndProject
Global
	GlobalSection(SolutionConfigurationPlatforms) = preSolution
		Debug|Any CPU = Debug|Any CPU
		Release|Any CPU = Release|Any CPU
	EndGlobalSection
	GlobalSection(NestedProjects) = preSolution
		{1B0C3C85-4771-4A84-9FBE-90094489FFF8} = {BA064C37-DBC6-492C-8079-BF871528D173}
		{72394265-7EFB-4E04-A655-FFEFC5DFA185} = {BA064C37-DBC6-492C-8079-BF871528D173}
		{B6EC880B-DA64-4EE5-A0ED-E3A93C37C716} = {BA064C37-DBC6-492C-8079-BF871528D173}
		{87BB778E-78CC-4921-B974-29A83B2806AC} = {BA064C37-DBC6-492C-8079-BF871528D173}
		{5D00119F-2956-4EBC-9631-21B43B43BB90} = {BA064C37-DBC6-492C-8079-BF871528D173}
		
		{0CE0C845-C167-4538-9E06-B54931B587DA} = {BA064C37-DBC6-492C-8079-BF871528D173}
		{D561BB8D-E5F7-4607-A66A-6C588AFB0635} = {BA064C37-DBC6-492C-8079-BF871528D173}
		{FABE27D1-F952-4FAB-BF5C-5870A9AB652D} = {BA064C37-DBC6-492C-8079-BF871528D173}
		{C80FEF03-2A61-4210-9C75-6FF0C862CC1F} = {120AFF92-BC3F-43B9-BDB7-940CEF4880A2}
		{73F3CD8F-4F1F-4ED9-B74E-2A6F1514E559} = {C80FEF03-2A61-4210-9C75-6FF0C862CC1F}
		{79F39559-9E10-4A5A-8ED9-224AFF758868} = {C80FEF03-2A61-4210-9C75-6FF0C862CC1F}
		{7E90352A-627D-4C18-B661-30D6A67239B0} = {120AFF92-BC3F-43B9-BDB7-940CEF4880A2}
		{A16C950E-F68C-47C3-A239-B517D6FA06DF} = {7E90352A-627D-4C18-B661-30D6A67239B0}
		{DD34442C-B557-4551-BF89-7203492F5B0F} = {7E90352A-627D-4C18-B661-30D6A67239B0}
		{1CCF4254-F77D-4B5F-8B18-3A8F28EEA777} = {BA064C37-DBC6-492C-8079-BF871528D173}
	EndGlobalSection
	GlobalSection(ProjectConfigurationPlatforms) = postSolution
		{1B0C3C85-4771-4A84-9FBE-90094489FFF8}.Debug|Any CPU.ActiveCfg = Debug|Any CPU
		{1B0C3C85-4771-4A84-9FBE-90094489FFF8}.Debug|Any CPU.Build.0 = Debug|Any CPU
		{1B0C3C85-4771-4A84-9FBE-90094489FFF8}.Release|Any CPU.ActiveCfg = Release|Any CPU
		{1B0C3C85-4771-4A84-9FBE-90094489FFF8}.Release|Any CPU.Build.0 = Release|Any CPU
		{72394265-7EFB-4E04-A655-FFEFC5DFA185}.Debug|Any CPU.ActiveCfg = Debug|Any CPU
		{72394265-7EFB-4E04-A655-FFEFC5DFA185}.Debug|Any CPU.Build.0 = Debug|Any CPU
		{72394265-7EFB-4E04-A655-FFEFC5DFA185}.Release|Any CPU.ActiveCfg = Release|Any CPU
		{72394265-7EFB-4E04-A655-FFEFC5DFA185}.Release|Any CPU.Build.0 = Release|Any CPU
		{B6EC880B-DA64-4EE5-A0ED-E3A93C37C716}.Debug|Any CPU.ActiveCfg = Debug|Any CPU
		{B6EC880B-DA64-4EE5-A0ED-E3A93C37C716}.Debug|Any CPU.Build.0 = Debug|Any CPU
		{B6EC880B-DA64-4EE5-A0ED-E3A93C37C716}.Release|Any CPU.ActiveCfg = Release|Any CPU
		{B6EC880B-DA64-4EE5-A0ED-E3A93C37C716}.Release|Any CPU.Build.0 = Release|Any CPU
		{87BB778E-78CC-4921-B974-29A83B2806AC}.Debug|Any CPU.ActiveCfg = Debug|Any CPU
		{87BB778E-78CC-4921-B974-29A83B2806AC}.Debug|Any CPU.Build.0 = Debug|Any CPU
		{87BB778E-78CC-4921-B974-29A83B2806AC}.Release|Any CPU.ActiveCfg = Release|Any CPU
		{87BB778E-78CC-4921-B974-29A83B2806AC}.Release|Any CPU.Build.0 = Release|Any CPU
		{5D00119F-2956-4EBC-9631-21B43B43BB90}.Debug|Any CPU.ActiveCfg = Debug|Any CPU
		{5D00119F-2956-4EBC-9631-21B43B43BB90}.Debug|Any CPU.Build.0 = Debug|Any CPU
		{5D00119F-2956-4EBC-9631-21B43B43BB90}.Release|Any CPU.ActiveCfg = Release|Any CPU
		{5D00119F-2956-4EBC-9631-21B43B43BB90}.Release|Any CPU.Build.0 = Release|Any CPU
	
		{0CE0C845-C167-4538-9E06-B54931B587DA}.Debug|Any CPU.ActiveCfg = Debug|Any CPU
		{0CE0C845-C167-4538-9E06-B54931B587DA}.Debug|Any CPU.Build.0 = Debug|Any CPU
		{0CE0C845-C167-4538-9E06-B54931B587DA}.Release|Any CPU.ActiveCfg = Release|Any CPU
		{0CE0C845-C167-4538-9E06-B54931B587DA}.Release|Any CPU.Build.0 = Release|Any CPU
		{D561BB8D-E5F7-4607-A66A-6C588AFB0635}.Debug|Any CPU.ActiveCfg = Debug|Any CPU
		{D561BB8D-E5F7-4607-A66A-6C588AFB0635}.Debug|Any CPU.Build.0 = Debug|Any CPU
		{D561BB8D-E5F7-4607-A66A-6C588AFB0635}.Release|Any CPU.ActiveCfg = Release|Any CPU
		{D561BB8D-E5F7-4607-A66A-6C588AFB0635}.Release|Any CPU.Build.0 = Release|Any CPU
		{FABE27D1-F952-4FAB-BF5C-5870A9AB652D}.Debug|Any CPU.ActiveCfg = Debug|Any CPU
		{FABE27D1-F952-4FAB-BF5C-5870A9AB652D}.Debug|Any CPU.Build.0 = Debug|Any CPU
		{FABE27D1-F952-4FAB-BF5C-5870A9AB652D}.Release|Any CPU.ActiveCfg = Release|Any CPU
		{FABE27D1-F952-4FAB-BF5C-5870A9AB652D}.Release|Any CPU.Build.0 = Release|Any CPU
		{73F3CD8F-4F1F-4ED9-B74E-2A6F1514E559}.Debug|Any CPU.ActiveCfg = Debug|Any CPU
		{73F3CD8F-4F1F-4ED9-B74E-2A6F1514E559}.Debug|Any CPU.Build.0 = Debug|Any CPU
		{73F3CD8F-4F1F-4ED9-B74E-2A6F1514E559}.Release|Any CPU.ActiveCfg = Release|Any CPU
		{73F3CD8F-4F1F-4ED9-B74E-2A6F1514E559}.Release|Any CPU.Build.0 = Release|Any CPU
		{79F39559-9E10-4A5A-8ED9-224AFF758868}.Debug|Any CPU.ActiveCfg = Debug|Any CPU
		{79F39559-9E10-4A5A-8ED9-224AFF758868}.Debug|Any CPU.Build.0 = Debug|Any CPU
		{79F39559-9E10-4A5A-8ED9-224AFF758868}.Release|Any CPU.ActiveCfg = Release|Any CPU
		{79F39559-9E10-4A5A-8ED9-224AFF758868}.Release|Any CPU.Build.0 = Release|Any CPU
		{A16C950E-F68C-47C3-A239-B517D6FA06DF}.Debug|Any CPU.ActiveCfg = Debug|Any CPU
		{A16C950E-F68C-47C3-A239-B517D6FA06DF}.Debug|Any CPU.Build.0 = Debug|Any CPU
		{A16C950E-F68C-47C3-A239-B517D6FA06DF}.Release|Any CPU.ActiveCfg = Release|Any CPU
		{A16C950E-F68C-47C3-A239-B517D6FA06DF}.Release|Any CPU.Build.0 = Release|Any CPU
		{DD34442C-B557-4551-BF89-7203492F5B0F}.Debug|Any CPU.ActiveCfg = Debug|Any CPU
		{DD34442C-B557-4551-BF89-7203492F5B0F}.Debug|Any CPU.Build.0 = Debug|Any CPU
		{DD34442C-B557-4551-BF89-7203492F5B0F}.Release|Any CPU.ActiveCfg = Release|Any CPU
		{DD34442C-B557-4551-BF89-7203492F5B0F}.Release|Any CPU.Build.0 = Release|Any CPU
		{1CCF4254-F77D-4B5F-8B18-3A8F28EEA777}.Debug|Any CPU.ActiveCfg = Debug|Any CPU
		{1CCF4254-F77D-4B5F-8B18-3A8F28EEA777}.Debug|Any CPU.Build.0 = Debug|Any CPU
		{1CCF4254-F77D-4B5F-8B18-3A8F28EEA777}.Release|Any CPU.ActiveCfg = Release|Any CPU
		{1CCF4254-F77D-4B5F-8B18-3A8F28EEA777}.Release|Any CPU.Build.0 = Release|Any CPU
	EndGlobalSection
EndGlobal
