
Microsoft Visual Studio Solution File, Format Version 12.00
# Visual Studio Version 17
VisualStudioVersion = 17.4.33103.184
MinimumVisualStudioVersion = 10.0.40219.1
Project("{2150E333-8FDC-42A3-9474-1A3956D46DE8}") = "framework", "framework", "{5591A56A-4CC7-4BC1-90FC-1476E4E274EA}"
EndProject
Project("{9A19103F-16F7-4668-BE54-9A1E7A4F7556}") = "Heus.Core", "src\framework\Heus.Core\Heus.Core.csproj", "{1525A760-C34E-43FF-99CD-2625831640F4}"
EndProject
Project("{9A19103F-16F7-4668-BE54-9A1E7A4F7556}") = "Heus.Data", "src\framework\Heus.Data\Heus.Data.csproj", "{5106A429-93EE-4750-8565-449E0483761D}"
EndProject
Project("{9A19103F-16F7-4668-BE54-9A1E7A4F7556}") = "Heus.Ddd", "src\framework\Heus.Ddd\Heus.Ddd.csproj", "{399B7BF5-4208-4E3A-8387-01795F684A1F}"
EndProject
Project("{9A19103F-16F7-4668-BE54-9A1E7A4F7556}") = "Heus.AspNetCore", "src\framework\Heus.AspNetCore\Heus.AspNetCore.csproj", "{88518B82-09B6-4ED8-A7C9-5907F5C836C3}"
EndProject
Project("{9A19103F-16F7-4668-BE54-9A1E7A4F7556}") = "Heus.Data.Postgres", "src\framework\Heus.Data.Postgres\Heus.Data.Postgres.csproj", "{7AA9B360-301F-4C2C-9FB8-A50A003A251D}"
EndProject
Project("{9A19103F-16F7-4668-BE54-9A1E7A4F7556}") = "Heus.Data.Sqlite", "src\framework\Heus.Data.Sqlite\Heus.Data.Sqlite.csproj", "{CFE12AB3-A6AE-4357-9667-4037D32F0D06}"
EndProject
Project("{9A19103F-16F7-4668-BE54-9A1E7A4F7556}") = "Heus.Data.SqlServer", "src\framework\Heus.Data.SqlServer\Heus.Data.SqlServer.csproj", "{8B58B303-18C3-4326-A97A-E3104FCCD06A}"
EndProject
Project("{2150E333-8FDC-42A3-9474-1A3956D46DE8}") = "modules", "modules", "{F22C8225-74D0-4088-9FD0-6D197D386DF8}"
EndProject
Project("{2150E333-8FDC-42A3-9474-1A3956D46DE8}") = "auth", "auth", "{B7876992-C0B1-4F5E-858B-2BCAE0F7FC59}"
EndProject
Project("{9A19103F-16F7-4668-BE54-9A1E7A4F7556}") = "Heus.Auth", "src\modules\auth\Heus.Auth\Heus.Auth.csproj", "{F1B8EED0-7277-4DEE-B8FE-416D4A60CAD9}"
EndProject
Project("{9A19103F-16F7-4668-BE54-9A1E7A4F7556}") = "Heus.Auth.Api", "src\modules\auth\Heus.Auth.Api\Heus.Auth.Api.csproj", "{F5D076B5-CAD5-4357-BD6B-FA482BD228DE}"
EndProject
Project("{9A19103F-16F7-4668-BE54-9A1E7A4F7556}") = "Heus.Auth.IntegratedTests", "src\modules\auth\Heus.Auth.IntegratedTests\Heus.Auth.IntegratedTests.csproj", "{595A7EC3-A8C1-43C2-BE14-E07FA2A134B8}"
EndProject
Project("{2150E333-8FDC-42A3-9474-1A3956D46DE8}") = "enroll", "enroll", "{88EC0649-C33F-4160-BAF3-7D5E2664AE1D}"
EndProject
Project("{9A19103F-16F7-4668-BE54-9A1E7A4F7556}") = "Heus.Enroll", "src\modules\enroll\Heus.Enroll\Heus.Enroll.csproj", "{4BB37977-24CB-41B7-B9B2-9B53F5E5EFB7}"
EndProject
Project("{9A19103F-16F7-4668-BE54-9A1E7A4F7556}") = "Heus.Enroll.Web", "src\modules\enroll\Heus.Enroll.Web\Heus.Enroll.Web.csproj", "{44D3E711-5558-4512-A674-F4908761B5AA}"
EndProject
Project("{2150E333-8FDC-42A3-9474-1A3956D46DE8}") = "docs", "docs", "{9D7137FB-1BF5-427F-BB5D-721D502D3F0B}"
	ProjectSection(SolutionItems) = preProject
		docs\env.md = docs\env.md
	EndProjectSection
EndProject
Project("{9A19103F-16F7-4668-BE54-9A1E7A4F7556}") = "Heus.Data.Mysql", "src\framework\Heus.Data.Mysql\Heus.Data.Mysql.csproj", "{B0FE23CA-89AD-4E4C-815C-7BFDAAC0C7A4}"
EndProject
Project("{FAE04EC0-301F-11D3-BF4B-00C04F79EFBC}") = "Heus.Enroll.Migrations", "src\modules\enroll\Heus.Enroll.Migrations\Heus.Enroll.Migrations.csproj", "{88ABBBB6-EB62-4176-B49D-4FF8159C8F3B}"
EndProject
Project("{2150E333-8FDC-42A3-9474-1A3956D46DE8}") = "test", "test", "{1508B14F-9151-4608-8BE9-8F0833A705E6}"
EndProject
Project("{9A19103F-16F7-4668-BE54-9A1E7A4F7556}") = "Heus.IntegratedTests", "src\test\Heus.IntegratedTests\Heus.IntegratedTests.csproj", "{80E46FFF-1B28-405A-85E4-B702F454765F}"
EndProject
Global
	GlobalSection(SolutionConfigurationPlatforms) = preSolution
		Debug|Any CPU = Debug|Any CPU
		Release|Any CPU = Release|Any CPU
	EndGlobalSection
	GlobalSection(ProjectConfigurationPlatforms) = postSolution
		{1525A760-C34E-43FF-99CD-2625831640F4}.Debug|Any CPU.ActiveCfg = Debug|Any CPU
		{1525A760-C34E-43FF-99CD-2625831640F4}.Debug|Any CPU.Build.0 = Debug|Any CPU
		{1525A760-C34E-43FF-99CD-2625831640F4}.Release|Any CPU.ActiveCfg = Release|Any CPU
		{1525A760-C34E-43FF-99CD-2625831640F4}.Release|Any CPU.Build.0 = Release|Any CPU
		{5106A429-93EE-4750-8565-449E0483761D}.Debug|Any CPU.ActiveCfg = Debug|Any CPU
		{5106A429-93EE-4750-8565-449E0483761D}.Debug|Any CPU.Build.0 = Debug|Any CPU
		{5106A429-93EE-4750-8565-449E0483761D}.Release|Any CPU.ActiveCfg = Release|Any CPU
		{5106A429-93EE-4750-8565-449E0483761D}.Release|Any CPU.Build.0 = Release|Any CPU
		{399B7BF5-4208-4E3A-8387-01795F684A1F}.Debug|Any CPU.ActiveCfg = Debug|Any CPU
		{399B7BF5-4208-4E3A-8387-01795F684A1F}.Debug|Any CPU.Build.0 = Debug|Any CPU
		{399B7BF5-4208-4E3A-8387-01795F684A1F}.Release|Any CPU.ActiveCfg = Release|Any CPU
		{399B7BF5-4208-4E3A-8387-01795F684A1F}.Release|Any CPU.Build.0 = Release|Any CPU
		{88518B82-09B6-4ED8-A7C9-5907F5C836C3}.Debug|Any CPU.ActiveCfg = Debug|Any CPU
		{88518B82-09B6-4ED8-A7C9-5907F5C836C3}.Debug|Any CPU.Build.0 = Debug|Any CPU
		{88518B82-09B6-4ED8-A7C9-5907F5C836C3}.Release|Any CPU.ActiveCfg = Release|Any CPU
		{88518B82-09B6-4ED8-A7C9-5907F5C836C3}.Release|Any CPU.Build.0 = Release|Any CPU
		{7AA9B360-301F-4C2C-9FB8-A50A003A251D}.Debug|Any CPU.ActiveCfg = Debug|Any CPU
		{7AA9B360-301F-4C2C-9FB8-A50A003A251D}.Debug|Any CPU.Build.0 = Debug|Any CPU
		{7AA9B360-301F-4C2C-9FB8-A50A003A251D}.Release|Any CPU.ActiveCfg = Release|Any CPU
		{7AA9B360-301F-4C2C-9FB8-A50A003A251D}.Release|Any CPU.Build.0 = Release|Any CPU
		{CFE12AB3-A6AE-4357-9667-4037D32F0D06}.Debug|Any CPU.ActiveCfg = Debug|Any CPU
		{CFE12AB3-A6AE-4357-9667-4037D32F0D06}.Debug|Any CPU.Build.0 = Debug|Any CPU
		{CFE12AB3-A6AE-4357-9667-4037D32F0D06}.Release|Any CPU.ActiveCfg = Release|Any CPU
		{CFE12AB3-A6AE-4357-9667-4037D32F0D06}.Release|Any CPU.Build.0 = Release|Any CPU
		{8B58B303-18C3-4326-A97A-E3104FCCD06A}.Debug|Any CPU.ActiveCfg = Debug|Any CPU
		{8B58B303-18C3-4326-A97A-E3104FCCD06A}.Debug|Any CPU.Build.0 = Debug|Any CPU
		{8B58B303-18C3-4326-A97A-E3104FCCD06A}.Release|Any CPU.ActiveCfg = Release|Any CPU
		{8B58B303-18C3-4326-A97A-E3104FCCD06A}.Release|Any CPU.Build.0 = Release|Any CPU
		{F1B8EED0-7277-4DEE-B8FE-416D4A60CAD9}.Debug|Any CPU.ActiveCfg = Debug|Any CPU
		{F1B8EED0-7277-4DEE-B8FE-416D4A60CAD9}.Debug|Any CPU.Build.0 = Debug|Any CPU
		{F1B8EED0-7277-4DEE-B8FE-416D4A60CAD9}.Release|Any CPU.ActiveCfg = Release|Any CPU
		{F1B8EED0-7277-4DEE-B8FE-416D4A60CAD9}.Release|Any CPU.Build.0 = Release|Any CPU
		{F5D076B5-CAD5-4357-BD6B-FA482BD228DE}.Debug|Any CPU.ActiveCfg = Debug|Any CPU
		{F5D076B5-CAD5-4357-BD6B-FA482BD228DE}.Debug|Any CPU.Build.0 = Debug|Any CPU
		{F5D076B5-CAD5-4357-BD6B-FA482BD228DE}.Release|Any CPU.ActiveCfg = Release|Any CPU
		{F5D076B5-CAD5-4357-BD6B-FA482BD228DE}.Release|Any CPU.Build.0 = Release|Any CPU
		{595A7EC3-A8C1-43C2-BE14-E07FA2A134B8}.Debug|Any CPU.ActiveCfg = Debug|Any CPU
		{595A7EC3-A8C1-43C2-BE14-E07FA2A134B8}.Debug|Any CPU.Build.0 = Debug|Any CPU
		{595A7EC3-A8C1-43C2-BE14-E07FA2A134B8}.Release|Any CPU.ActiveCfg = Release|Any CPU
		{595A7EC3-A8C1-43C2-BE14-E07FA2A134B8}.Release|Any CPU.Build.0 = Release|Any CPU
		{4BB37977-24CB-41B7-B9B2-9B53F5E5EFB7}.Debug|Any CPU.ActiveCfg = Debug|Any CPU
		{4BB37977-24CB-41B7-B9B2-9B53F5E5EFB7}.Debug|Any CPU.Build.0 = Debug|Any CPU
		{4BB37977-24CB-41B7-B9B2-9B53F5E5EFB7}.Release|Any CPU.ActiveCfg = Release|Any CPU
		{4BB37977-24CB-41B7-B9B2-9B53F5E5EFB7}.Release|Any CPU.Build.0 = Release|Any CPU
		{44D3E711-5558-4512-A674-F4908761B5AA}.Debug|Any CPU.ActiveCfg = Debug|Any CPU
		{44D3E711-5558-4512-A674-F4908761B5AA}.Debug|Any CPU.Build.0 = Debug|Any CPU
		{44D3E711-5558-4512-A674-F4908761B5AA}.Release|Any CPU.ActiveCfg = Release|Any CPU
		{44D3E711-5558-4512-A674-F4908761B5AA}.Release|Any CPU.Build.0 = Release|Any CPU
		{B0FE23CA-89AD-4E4C-815C-7BFDAAC0C7A4}.Debug|Any CPU.ActiveCfg = Debug|Any CPU
		{B0FE23CA-89AD-4E4C-815C-7BFDAAC0C7A4}.Debug|Any CPU.Build.0 = Debug|Any CPU
		{B0FE23CA-89AD-4E4C-815C-7BFDAAC0C7A4}.Release|Any CPU.ActiveCfg = Release|Any CPU
		{B0FE23CA-89AD-4E4C-815C-7BFDAAC0C7A4}.Release|Any CPU.Build.0 = Release|Any CPU
		{88ABBBB6-EB62-4176-B49D-4FF8159C8F3B}.Debug|Any CPU.ActiveCfg = Debug|Any CPU
		{88ABBBB6-EB62-4176-B49D-4FF8159C8F3B}.Debug|Any CPU.Build.0 = Debug|Any CPU
		{88ABBBB6-EB62-4176-B49D-4FF8159C8F3B}.Release|Any CPU.ActiveCfg = Release|Any CPU
		{88ABBBB6-EB62-4176-B49D-4FF8159C8F3B}.Release|Any CPU.Build.0 = Release|Any CPU
		{80E46FFF-1B28-405A-85E4-B702F454765F}.Debug|Any CPU.ActiveCfg = Debug|Any CPU
		{80E46FFF-1B28-405A-85E4-B702F454765F}.Debug|Any CPU.Build.0 = Debug|Any CPU
		{80E46FFF-1B28-405A-85E4-B702F454765F}.Release|Any CPU.ActiveCfg = Release|Any CPU
		{80E46FFF-1B28-405A-85E4-B702F454765F}.Release|Any CPU.Build.0 = Release|Any CPU
	EndGlobalSection
	GlobalSection(SolutionProperties) = preSolution
		HideSolutionNode = FALSE
	EndGlobalSection
	GlobalSection(NestedProjects) = preSolution
		{1525A760-C34E-43FF-99CD-2625831640F4} = {5591A56A-4CC7-4BC1-90FC-1476E4E274EA}
		{5106A429-93EE-4750-8565-449E0483761D} = {5591A56A-4CC7-4BC1-90FC-1476E4E274EA}
		{399B7BF5-4208-4E3A-8387-01795F684A1F} = {5591A56A-4CC7-4BC1-90FC-1476E4E274EA}
		{88518B82-09B6-4ED8-A7C9-5907F5C836C3} = {5591A56A-4CC7-4BC1-90FC-1476E4E274EA}
		{7AA9B360-301F-4C2C-9FB8-A50A003A251D} = {5591A56A-4CC7-4BC1-90FC-1476E4E274EA}
		{CFE12AB3-A6AE-4357-9667-4037D32F0D06} = {5591A56A-4CC7-4BC1-90FC-1476E4E274EA}
		{8B58B303-18C3-4326-A97A-E3104FCCD06A} = {5591A56A-4CC7-4BC1-90FC-1476E4E274EA}
		{B7876992-C0B1-4F5E-858B-2BCAE0F7FC59} = {F22C8225-74D0-4088-9FD0-6D197D386DF8}
		{F1B8EED0-7277-4DEE-B8FE-416D4A60CAD9} = {B7876992-C0B1-4F5E-858B-2BCAE0F7FC59}
		{F5D076B5-CAD5-4357-BD6B-FA482BD228DE} = {B7876992-C0B1-4F5E-858B-2BCAE0F7FC59}
		{595A7EC3-A8C1-43C2-BE14-E07FA2A134B8} = {B7876992-C0B1-4F5E-858B-2BCAE0F7FC59}
		{88EC0649-C33F-4160-BAF3-7D5E2664AE1D} = {F22C8225-74D0-4088-9FD0-6D197D386DF8}
		{4BB37977-24CB-41B7-B9B2-9B53F5E5EFB7} = {88EC0649-C33F-4160-BAF3-7D5E2664AE1D}
		{44D3E711-5558-4512-A674-F4908761B5AA} = {88EC0649-C33F-4160-BAF3-7D5E2664AE1D}
		{B0FE23CA-89AD-4E4C-815C-7BFDAAC0C7A4} = {5591A56A-4CC7-4BC1-90FC-1476E4E274EA}
		{88ABBBB6-EB62-4176-B49D-4FF8159C8F3B} = {88EC0649-C33F-4160-BAF3-7D5E2664AE1D}
		{80E46FFF-1B28-405A-85E4-B702F454765F} = {1508B14F-9151-4608-8BE9-8F0833A705E6}
	EndGlobalSection
	GlobalSection(ExtensibilityGlobals) = postSolution
		SolutionGuid = {883DA1C4-8BAC-4BDF-9464-3ADA8779B364}
	EndGlobalSection
EndGlobal
