
Microsoft Visual Studio Solution File, Format Version 12.00
# Visual Studio Version 17
VisualStudioVersion = 17.3.32811.315
MinimumVisualStudioVersion = 10.0.40219.1
Project("{9A19103F-16F7-4668-BE54-9A1E7A4F7556}") = "Heus.Web", "src\Heus.Web\Heus.Web.csproj", "{E71A62F2-506B-4093-A2A6-C0EE204588CD}"
EndProject
Project("{9A19103F-16F7-4668-BE54-9A1E7A4F7556}") = "Heus.Core", "src\Heus.Core\Heus.Core.csproj", "{2841C3C1-871E-42F4-B170-86771C7057F2}"
EndProject
Project("{9A19103F-16F7-4668-BE54-9A1E7A4F7556}") = "Heus.AspNetCore", "src\Heus.AspNetCore\Heus.AspNetCore.csproj", "{DEE6AE34-C954-41B3-B7F9-F5322C34E47C}"
EndProject
Project("{9A19103F-16F7-4668-BE54-9A1E7A4F7556}") = "Heus.Ddd", "src\Heus.Ddd\Heus.Ddd.csproj", "{A6D72F29-8411-4F05-8744-AB9BE6C38BD4}"
EndProject
Project("{9A19103F-16F7-4668-BE54-9A1E7A4F7556}") = "Heus.Business", "src\Heus.Business\Heus.Business.csproj", "{370145C2-3B23-4440-B4CB-0CFF7A788C2F}"
EndProject
Project("{9A19103F-16F7-4668-BE54-9A1E7A4F7556}") = "Heus.Data.MySql", "src\Heus.Data.MySql\Heus.Data.MySql.csproj", "{CABD0B94-B475-4E83-B94F-400147100E11}"
EndProject
Project("{2150E333-8FDC-42A3-9474-1A3956D46DE8}") = "test", "test", "{08FA12D5-86DB-486A-B34F-888E3D272B39}"
EndProject
Project("{9A19103F-16F7-4668-BE54-9A1E7A4F7556}") = "Heus.TestBase", "test\Heus.TestBase\Heus.TestBase.csproj", "{7AC19D7A-2F74-4C16-89D9-82D9D07A8AF2}"
EndProject
Project("{FAE04EC0-301F-11D3-BF4B-00C04F79EFBC}") = "Heus.Core.Tests", "test\Heus.Core.Tests\Heus.Core.Tests.csproj", "{964AF9CF-0691-4995-9F48-A4A62FF52E33}"
EndProject
Project("{FAE04EC0-301F-11D3-BF4B-00C04F79EFBC}") = "Heus.AspNetCore.Tests", "test\Heus.AspNetCore.Tests\Heus.AspNetCore.Tests.csproj", "{E99B6D71-8D0C-4AAD-825E-347B639CF7C6}"
EndProject
Project("{FAE04EC0-301F-11D3-BF4B-00C04F79EFBC}") = "Heus.Business.Tests", "test\Heus.Business.Tests\Heus.Business.Tests.csproj", "{1D5E9643-89FB-4DF0-ADB5-5E03B6383932}"
EndProject
Global
	GlobalSection(SolutionConfigurationPlatforms) = preSolution
		Debug|Any CPU = Debug|Any CPU
		Release|Any CPU = Release|Any CPU
	EndGlobalSection
	GlobalSection(ProjectConfigurationPlatforms) = postSolution
		{E71A62F2-506B-4093-A2A6-C0EE204588CD}.Debug|Any CPU.ActiveCfg = Debug|Any CPU
		{E71A62F2-506B-4093-A2A6-C0EE204588CD}.Debug|Any CPU.Build.0 = Debug|Any CPU
		{E71A62F2-506B-4093-A2A6-C0EE204588CD}.Release|Any CPU.ActiveCfg = Release|Any CPU
		{E71A62F2-506B-4093-A2A6-C0EE204588CD}.Release|Any CPU.Build.0 = Release|Any CPU
		{2841C3C1-871E-42F4-B170-86771C7057F2}.Debug|Any CPU.ActiveCfg = Debug|Any CPU
		{2841C3C1-871E-42F4-B170-86771C7057F2}.Debug|Any CPU.Build.0 = Debug|Any CPU
		{2841C3C1-871E-42F4-B170-86771C7057F2}.Release|Any CPU.ActiveCfg = Release|Any CPU
		{2841C3C1-871E-42F4-B170-86771C7057F2}.Release|Any CPU.Build.0 = Release|Any CPU
		{DEE6AE34-C954-41B3-B7F9-F5322C34E47C}.Debug|Any CPU.ActiveCfg = Debug|Any CPU
		{DEE6AE34-C954-41B3-B7F9-F5322C34E47C}.Debug|Any CPU.Build.0 = Debug|Any CPU
		{DEE6AE34-C954-41B3-B7F9-F5322C34E47C}.Release|Any CPU.ActiveCfg = Release|Any CPU
		{DEE6AE34-C954-41B3-B7F9-F5322C34E47C}.Release|Any CPU.Build.0 = Release|Any CPU
		{A6D72F29-8411-4F05-8744-AB9BE6C38BD4}.Debug|Any CPU.ActiveCfg = Debug|Any CPU
		{A6D72F29-8411-4F05-8744-AB9BE6C38BD4}.Debug|Any CPU.Build.0 = Debug|Any CPU
		{A6D72F29-8411-4F05-8744-AB9BE6C38BD4}.Release|Any CPU.ActiveCfg = Release|Any CPU
		{A6D72F29-8411-4F05-8744-AB9BE6C38BD4}.Release|Any CPU.Build.0 = Release|Any CPU
		{370145C2-3B23-4440-B4CB-0CFF7A788C2F}.Debug|Any CPU.ActiveCfg = Debug|Any CPU
		{370145C2-3B23-4440-B4CB-0CFF7A788C2F}.Debug|Any CPU.Build.0 = Debug|Any CPU
		{370145C2-3B23-4440-B4CB-0CFF7A788C2F}.Release|Any CPU.ActiveCfg = Release|Any CPU
		{370145C2-3B23-4440-B4CB-0CFF7A788C2F}.Release|Any CPU.Build.0 = Release|Any CPU
		{CABD0B94-B475-4E83-B94F-400147100E11}.Debug|Any CPU.ActiveCfg = Debug|Any CPU
		{CABD0B94-B475-4E83-B94F-400147100E11}.Debug|Any CPU.Build.0 = Debug|Any CPU
		{CABD0B94-B475-4E83-B94F-400147100E11}.Release|Any CPU.ActiveCfg = Release|Any CPU
		{CABD0B94-B475-4E83-B94F-400147100E11}.Release|Any CPU.Build.0 = Release|Any CPU
		{7AC19D7A-2F74-4C16-89D9-82D9D07A8AF2}.Debug|Any CPU.ActiveCfg = Debug|Any CPU
		{7AC19D7A-2F74-4C16-89D9-82D9D07A8AF2}.Debug|Any CPU.Build.0 = Debug|Any CPU
		{7AC19D7A-2F74-4C16-89D9-82D9D07A8AF2}.Release|Any CPU.ActiveCfg = Release|Any CPU
		{7AC19D7A-2F74-4C16-89D9-82D9D07A8AF2}.Release|Any CPU.Build.0 = Release|Any CPU
		{964AF9CF-0691-4995-9F48-A4A62FF52E33}.Debug|Any CPU.ActiveCfg = Debug|Any CPU
		{964AF9CF-0691-4995-9F48-A4A62FF52E33}.Debug|Any CPU.Build.0 = Debug|Any CPU
		{964AF9CF-0691-4995-9F48-A4A62FF52E33}.Release|Any CPU.ActiveCfg = Release|Any CPU
		{964AF9CF-0691-4995-9F48-A4A62FF52E33}.Release|Any CPU.Build.0 = Release|Any CPU
		{E99B6D71-8D0C-4AAD-825E-347B639CF7C6}.Debug|Any CPU.ActiveCfg = Debug|Any CPU
		{E99B6D71-8D0C-4AAD-825E-347B639CF7C6}.Debug|Any CPU.Build.0 = Debug|Any CPU
		{E99B6D71-8D0C-4AAD-825E-347B639CF7C6}.Release|Any CPU.ActiveCfg = Release|Any CPU
		{E99B6D71-8D0C-4AAD-825E-347B639CF7C6}.Release|Any CPU.Build.0 = Release|Any CPU
		{1D5E9643-89FB-4DF0-ADB5-5E03B6383932}.Debug|Any CPU.ActiveCfg = Debug|Any CPU
		{1D5E9643-89FB-4DF0-ADB5-5E03B6383932}.Debug|Any CPU.Build.0 = Debug|Any CPU
		{1D5E9643-89FB-4DF0-ADB5-5E03B6383932}.Release|Any CPU.ActiveCfg = Release|Any CPU
		{1D5E9643-89FB-4DF0-ADB5-5E03B6383932}.Release|Any CPU.Build.0 = Release|Any CPU
	EndGlobalSection
	GlobalSection(SolutionProperties) = preSolution
		HideSolutionNode = FALSE
	EndGlobalSection
	GlobalSection(NestedProjects) = preSolution
		{7AC19D7A-2F74-4C16-89D9-82D9D07A8AF2} = {08FA12D5-86DB-486A-B34F-888E3D272B39}
		{964AF9CF-0691-4995-9F48-A4A62FF52E33} = {08FA12D5-86DB-486A-B34F-888E3D272B39}
		{E99B6D71-8D0C-4AAD-825E-347B639CF7C6} = {08FA12D5-86DB-486A-B34F-888E3D272B39}
		{1D5E9643-89FB-4DF0-ADB5-5E03B6383932} = {08FA12D5-86DB-486A-B34F-888E3D272B39}
	EndGlobalSection
	GlobalSection(ExtensibilityGlobals) = postSolution
		SolutionGuid = {734361D4-560C-4467-BE8D-95EBDCA95E53}
	EndGlobalSection
EndGlobal
