
Microsoft Visual Studio Solution File, Format Version 12.00
# Visual Studio Version 17
VisualStudioVersion = 17.3.32819.101
MinimumVisualStudioVersion = 10.0.40219.1
Project("{2150E333-8FDC-42A3-9474-1A3956D46DE8}") = "framework", "framework", "{CB1C7283-3152-4696-A6E0-2CE78B3ABDF3}"
EndProject
Project("{9A19103F-16F7-4668-BE54-9A1E7A4F7556}") = "Heus.Core", "framework\Heus.Core\Heus.Core.csproj", "{BA3E5C3A-F22B-4B8D-B5D5-63BAEB128D44}"
EndProject
Project("{9A19103F-16F7-4668-BE54-9A1E7A4F7556}") = "Heus.AspNetCore", "framework\Heus.AspNetCore\Heus.AspNetCore.csproj", "{A7987BAE-15D2-48EE-AA61-6323DF2C1161}"
EndProject
Project("{9A19103F-16F7-4668-BE54-9A1E7A4F7556}") = "Heus.Ddd", "framework\Heus.Ddd\Heus.Ddd.csproj", "{F48B0E3A-702C-4B65-BDD4-9EC6A059E009}"
EndProject
Project("{2150E333-8FDC-42A3-9474-1A3956D46DE8}") = "modules", "modules", "{987702D3-75D7-4247-BE31-4DCC9462C5FD}"
EndProject
Project("{2150E333-8FDC-42A3-9474-1A3956D46DE8}") = "enroll", "enroll", "{6BBC5B03-FC03-4182-A462-8928209562EA}"
EndProject
Project("{2150E333-8FDC-42A3-9474-1A3956D46DE8}") = "auth", "auth", "{6CCF3345-4030-4B2B-BB09-8B45BDE84EE5}"
EndProject
Project("{9A19103F-16F7-4668-BE54-9A1E7A4F7556}") = "Heus.Auth", "modules\auth\Heus.Auth\Heus.Auth.csproj", "{138BFBB2-F16B-4B2A-B7FA-E069A67DBB46}"
EndProject
Project("{9A19103F-16F7-4668-BE54-9A1E7A4F7556}") = "Heus.Enroll", "modules\enroll\Heus.Enroll\Heus.Enroll.csproj", "{7A7DA636-ABA2-4082-8507-B40FD99FABBF}"
EndProject
Project("{9A19103F-16F7-4668-BE54-9A1E7A4F7556}") = "Heus.Auth.Api", "modules\auth\Heus.Auth.Api\Heus.Auth.Api.csproj", "{0607A5FB-CE5F-4445-82A9-38DA657DFB8A}"
EndProject
Project("{9A19103F-16F7-4668-BE54-9A1E7A4F7556}") = "Heus.Enroll.Web", "modules\enroll\Heus.Enroll.Web\Heus.Enroll.Web.csproj", "{C55DDD53-EDC2-4FDC-B887-91E8D4A06F23}"
EndProject
Project("{FAE04EC0-301F-11D3-BF4B-00C04F79EFBC}") = "Heus.Data.Mysql", "framework\Heus.Data.Mysql\Heus.Data.Mysql.csproj", "{42C239C3-63A5-4E83-8B00-6C11091165DA}"
EndProject
Project("{FAE04EC0-301F-11D3-BF4B-00C04F79EFBC}") = "Heus.Data.EfCore", "framework\Heus.Data.EfCore\Heus.Data.EfCore.csproj", "{B689E0B4-FD42-4EBC-A7BC-E1A336824C7B}"
EndProject
Project("{FAE04EC0-301F-11D3-BF4B-00C04F79EFBC}") = "Heus.Auth.IntegratedTests", "modules\auth\Heus.Auth.IntegratedTests\Heus.Auth.IntegratedTests.csproj", "{BA096E99-5CE8-4E32-BAE9-F895B3FF5031}"
EndProject
Project("{FAE04EC0-301F-11D3-BF4B-00C04F79EFBC}") = "Heus.IntegratedTests", "framework\Heus.IntegratedTests\Heus.IntegratedTests.csproj", "{719ED3AF-5396-4A13-A49A-1D5838D4725F}"
EndProject
Project("{FAE04EC0-301F-11D3-BF4B-00C04F79EFBC}") = "Heus.Data.Sqlite", "framework\Heus.Data.Sqlite\Heus.Data.Sqlite.csproj", "{20217119-D6AA-453A-8E0B-FAF862B1B9FB}"
EndProject
Global
	GlobalSection(SolutionConfigurationPlatforms) = preSolution
		Debug|Any CPU = Debug|Any CPU
		Release|Any CPU = Release|Any CPU
	EndGlobalSection
	GlobalSection(ProjectConfigurationPlatforms) = postSolution
		{BA3E5C3A-F22B-4B8D-B5D5-63BAEB128D44}.Debug|Any CPU.ActiveCfg = Debug|Any CPU
		{BA3E5C3A-F22B-4B8D-B5D5-63BAEB128D44}.Debug|Any CPU.Build.0 = Debug|Any CPU
		{BA3E5C3A-F22B-4B8D-B5D5-63BAEB128D44}.Release|Any CPU.ActiveCfg = Release|Any CPU
		{BA3E5C3A-F22B-4B8D-B5D5-63BAEB128D44}.Release|Any CPU.Build.0 = Release|Any CPU
		{A7987BAE-15D2-48EE-AA61-6323DF2C1161}.Debug|Any CPU.ActiveCfg = Debug|Any CPU
		{A7987BAE-15D2-48EE-AA61-6323DF2C1161}.Debug|Any CPU.Build.0 = Debug|Any CPU
		{A7987BAE-15D2-48EE-AA61-6323DF2C1161}.Release|Any CPU.ActiveCfg = Release|Any CPU
		{A7987BAE-15D2-48EE-AA61-6323DF2C1161}.Release|Any CPU.Build.0 = Release|Any CPU
		{F48B0E3A-702C-4B65-BDD4-9EC6A059E009}.Debug|Any CPU.ActiveCfg = Debug|Any CPU
		{F48B0E3A-702C-4B65-BDD4-9EC6A059E009}.Debug|Any CPU.Build.0 = Debug|Any CPU
		{F48B0E3A-702C-4B65-BDD4-9EC6A059E009}.Release|Any CPU.ActiveCfg = Release|Any CPU
		{F48B0E3A-702C-4B65-BDD4-9EC6A059E009}.Release|Any CPU.Build.0 = Release|Any CPU
		{138BFBB2-F16B-4B2A-B7FA-E069A67DBB46}.Debug|Any CPU.ActiveCfg = Debug|Any CPU
		{138BFBB2-F16B-4B2A-B7FA-E069A67DBB46}.Debug|Any CPU.Build.0 = Debug|Any CPU
		{138BFBB2-F16B-4B2A-B7FA-E069A67DBB46}.Release|Any CPU.ActiveCfg = Release|Any CPU
		{138BFBB2-F16B-4B2A-B7FA-E069A67DBB46}.Release|Any CPU.Build.0 = Release|Any CPU
		{7A7DA636-ABA2-4082-8507-B40FD99FABBF}.Debug|Any CPU.ActiveCfg = Debug|Any CPU
		{7A7DA636-ABA2-4082-8507-B40FD99FABBF}.Debug|Any CPU.Build.0 = Debug|Any CPU
		{7A7DA636-ABA2-4082-8507-B40FD99FABBF}.Release|Any CPU.ActiveCfg = Release|Any CPU
		{7A7DA636-ABA2-4082-8507-B40FD99FABBF}.Release|Any CPU.Build.0 = Release|Any CPU
		{0607A5FB-CE5F-4445-82A9-38DA657DFB8A}.Debug|Any CPU.ActiveCfg = Debug|Any CPU
		{0607A5FB-CE5F-4445-82A9-38DA657DFB8A}.Debug|Any CPU.Build.0 = Debug|Any CPU
		{0607A5FB-CE5F-4445-82A9-38DA657DFB8A}.Release|Any CPU.ActiveCfg = Release|Any CPU
		{0607A5FB-CE5F-4445-82A9-38DA657DFB8A}.Release|Any CPU.Build.0 = Release|Any CPU
		{C55DDD53-EDC2-4FDC-B887-91E8D4A06F23}.Debug|Any CPU.ActiveCfg = Debug|Any CPU
		{C55DDD53-EDC2-4FDC-B887-91E8D4A06F23}.Debug|Any CPU.Build.0 = Debug|Any CPU
		{C55DDD53-EDC2-4FDC-B887-91E8D4A06F23}.Release|Any CPU.ActiveCfg = Release|Any CPU
		{C55DDD53-EDC2-4FDC-B887-91E8D4A06F23}.Release|Any CPU.Build.0 = Release|Any CPU
		{42C239C3-63A5-4E83-8B00-6C11091165DA}.Debug|Any CPU.ActiveCfg = Debug|Any CPU
		{42C239C3-63A5-4E83-8B00-6C11091165DA}.Debug|Any CPU.Build.0 = Debug|Any CPU
		{42C239C3-63A5-4E83-8B00-6C11091165DA}.Release|Any CPU.ActiveCfg = Release|Any CPU
		{42C239C3-63A5-4E83-8B00-6C11091165DA}.Release|Any CPU.Build.0 = Release|Any CPU
		{B689E0B4-FD42-4EBC-A7BC-E1A336824C7B}.Debug|Any CPU.ActiveCfg = Debug|Any CPU
		{B689E0B4-FD42-4EBC-A7BC-E1A336824C7B}.Debug|Any CPU.Build.0 = Debug|Any CPU
		{B689E0B4-FD42-4EBC-A7BC-E1A336824C7B}.Release|Any CPU.ActiveCfg = Release|Any CPU
		{B689E0B4-FD42-4EBC-A7BC-E1A336824C7B}.Release|Any CPU.Build.0 = Release|Any CPU
		{BA096E99-5CE8-4E32-BAE9-F895B3FF5031}.Debug|Any CPU.ActiveCfg = Debug|Any CPU
		{BA096E99-5CE8-4E32-BAE9-F895B3FF5031}.Debug|Any CPU.Build.0 = Debug|Any CPU
		{BA096E99-5CE8-4E32-BAE9-F895B3FF5031}.Release|Any CPU.ActiveCfg = Release|Any CPU
		{BA096E99-5CE8-4E32-BAE9-F895B3FF5031}.Release|Any CPU.Build.0 = Release|Any CPU
		{719ED3AF-5396-4A13-A49A-1D5838D4725F}.Debug|Any CPU.ActiveCfg = Debug|Any CPU
		{719ED3AF-5396-4A13-A49A-1D5838D4725F}.Debug|Any CPU.Build.0 = Debug|Any CPU
		{719ED3AF-5396-4A13-A49A-1D5838D4725F}.Release|Any CPU.ActiveCfg = Release|Any CPU
		{719ED3AF-5396-4A13-A49A-1D5838D4725F}.Release|Any CPU.Build.0 = Release|Any CPU
		{20217119-D6AA-453A-8E0B-FAF862B1B9FB}.Debug|Any CPU.ActiveCfg = Debug|Any CPU
		{20217119-D6AA-453A-8E0B-FAF862B1B9FB}.Debug|Any CPU.Build.0 = Debug|Any CPU
		{20217119-D6AA-453A-8E0B-FAF862B1B9FB}.Release|Any CPU.ActiveCfg = Release|Any CPU
		{20217119-D6AA-453A-8E0B-FAF862B1B9FB}.Release|Any CPU.Build.0 = Release|Any CPU
	EndGlobalSection
	GlobalSection(SolutionProperties) = preSolution
		HideSolutionNode = FALSE
	EndGlobalSection
	GlobalSection(NestedProjects) = preSolution
		{BA3E5C3A-F22B-4B8D-B5D5-63BAEB128D44} = {CB1C7283-3152-4696-A6E0-2CE78B3ABDF3}
		{A7987BAE-15D2-48EE-AA61-6323DF2C1161} = {CB1C7283-3152-4696-A6E0-2CE78B3ABDF3}
		{F48B0E3A-702C-4B65-BDD4-9EC6A059E009} = {CB1C7283-3152-4696-A6E0-2CE78B3ABDF3}
		{6BBC5B03-FC03-4182-A462-8928209562EA} = {987702D3-75D7-4247-BE31-4DCC9462C5FD}
		{6CCF3345-4030-4B2B-BB09-8B45BDE84EE5} = {987702D3-75D7-4247-BE31-4DCC9462C5FD}
		{138BFBB2-F16B-4B2A-B7FA-E069A67DBB46} = {6CCF3345-4030-4B2B-BB09-8B45BDE84EE5}
		{7A7DA636-ABA2-4082-8507-B40FD99FABBF} = {6BBC5B03-FC03-4182-A462-8928209562EA}
		{0607A5FB-CE5F-4445-82A9-38DA657DFB8A} = {6CCF3345-4030-4B2B-BB09-8B45BDE84EE5}
		{C55DDD53-EDC2-4FDC-B887-91E8D4A06F23} = {6BBC5B03-FC03-4182-A462-8928209562EA}
		{42C239C3-63A5-4E83-8B00-6C11091165DA} = {CB1C7283-3152-4696-A6E0-2CE78B3ABDF3}
		{B689E0B4-FD42-4EBC-A7BC-E1A336824C7B} = {CB1C7283-3152-4696-A6E0-2CE78B3ABDF3}
		{BA096E99-5CE8-4E32-BAE9-F895B3FF5031} = {6CCF3345-4030-4B2B-BB09-8B45BDE84EE5}
		{719ED3AF-5396-4A13-A49A-1D5838D4725F} = {CB1C7283-3152-4696-A6E0-2CE78B3ABDF3}
		{20217119-D6AA-453A-8E0B-FAF862B1B9FB} = {CB1C7283-3152-4696-A6E0-2CE78B3ABDF3}
	EndGlobalSection
	GlobalSection(ExtensibilityGlobals) = postSolution
		SolutionGuid = {734361D4-560C-4467-BE8D-95EBDCA95E53}
	EndGlobalSection
EndGlobal
